// !$*UTF8*$!
{
	archiveVersion = 1;
	classes = {
	};
	objectVersion = 46;
	objects = {

/* Begin PBXBuildFile section */
		4F17F9BC1B5C2AF900BF4B47 /* DOHamburgerButton.swift in Sources */ = {isa = PBXBuildFile; fileRef = 4F17F9BB1B5C2AF900BF4B47 /* DOHamburgerButton.swift */; };
		4F1BE1891B59655000E4BFB3 /* AppDelegate.swift in Sources */ = {isa = PBXBuildFile; fileRef = 4F1BE1881B59655000E4BFB3 /* AppDelegate.swift */; };
		4F1BE18B1B59655000E4BFB3 /* ViewController.swift in Sources */ = {isa = PBXBuildFile; fileRef = 4F1BE18A1B59655000E4BFB3 /* ViewController.swift */; };
		4F1BE18E1B59655000E4BFB3 /* Main.storyboard in Resources */ = {isa = PBXBuildFile; fileRef = 4F1BE18C1B59655000E4BFB3 /* Main.storyboard */; };
		4F1BE1901B59655000E4BFB3 /* Images.xcassets in Resources */ = {isa = PBXBuildFile; fileRef = 4F1BE18F1B59655000E4BFB3 /* Images.xcassets */; };
		4F1BE1931B59655000E4BFB3 /* LaunchScreen.xib in Resources */ = {isa = PBXBuildFile; fileRef = 4F1BE1911B59655000E4BFB3 /* LaunchScreen.xib */; };
/* End PBXBuildFile section */

/* Begin PBXFileReference section */
		4F17F9BB1B5C2AF900BF4B47 /* DOHamburgerButton.swift */ = {isa = PBXFileReference; fileEncoding = 4; lastKnownFileType = sourcecode.swift; name = DOHamburgerButton.swift; path = "DOHamburgerButton-DEMO/DOHamburgerButton.swift"; sourceTree = "<group>"; };
		4F1BE1831B59655000E4BFB3 /* DOHamburgerButton-DEMO.app */ = {isa = PBXFileReference; explicitFileType = wrapper.application; includeInIndex = 0; path = "DOHamburgerButton-DEMO.app"; sourceTree = BUILT_PRODUCTS_DIR; };
		4F1BE1871B59655000E4BFB3 /* Info.plist */ = {isa = PBXFileReference; lastKnownFileType = text.plist.xml; path = Info.plist; sourceTree = "<group>"; };
		4F1BE1881B59655000E4BFB3 /* AppDelegate.swift */ = {isa = PBXFileReference; lastKnownFileType = sourcecode.swift; path = AppDelegate.swift; sourceTree = "<group>"; };
		4F1BE18A1B59655000E4BFB3 /* ViewController.swift */ = {isa = PBXFileReference; lastKnownFileType = sourcecode.swift; path = ViewController.swift; sourceTree = "<group>"; };
		4F1BE18D1B59655000E4BFB3 /* Base */ = {isa = PBXFileReference; lastKnownFileType = file.storyboard; name = Base; path = Base.lproj/Main.storyboard; sourceTree = "<group>"; };
		4F1BE18F1B59655000E4BFB3 /* Images.xcassets */ = {isa = PBXFileReference; lastKnownFileType = folder.assetcatalog; path = Images.xcassets; sourceTree = "<group>"; };
		4F1BE1921B59655000E4BFB3 /* Base */ = {isa = PBXFileReference; lastKnownFileType = file.xib; name = Base; path = Base.lproj/LaunchScreen.xib; sourceTree = "<group>"; };
/* End PBXFileReference section */

/* Begin PBXFrameworksBuildPhase section */
		4F1BE1801B59655000E4BFB3 /* Frameworks */ = {
			isa = PBXFrameworksBuildPhase;
			buildActionMask = 2147483647;
			files = (
			);
			runOnlyForDeploymentPostprocessing = 0;
		};
/* End PBXFrameworksBuildPhase section */

/* Begin PBXGroup section */
		4F17F9BA1B5C2ADE00BF4B47 /* DOHamburgerButton */ = {
			isa = PBXGroup;
			children = (
				4F17F9BB1B5C2AF900BF4B47 /* DOHamburgerButton.swift */,
			);
			name = DOHamburgerButton;
			sourceTree = "<group>";
		};
		4F1BE17A1B59655000E4BFB3 = {
			isa = PBXGroup;
			children = (
				4F17F9BA1B5C2ADE00BF4B47 /* DOHamburgerButton */,
				4F1BE1851B59655000E4BFB3 /* DOHamburgerButton-DEMO */,
				4F1BE1841B59655000E4BFB3 /* Products */,
			);
			sourceTree = "<group>";
		};
		4F1BE1841B59655000E4BFB3 /* Products */ = {
			isa = PBXGroup;
			children = (
				4F1BE1831B59655000E4BFB3 /* DOHamburgerButton-DEMO.app */,
			);
			name = Products;
			sourceTree = "<group>";
		};
		4F1BE1851B59655000E4BFB3 /* DOHamburgerButton-DEMO */ = {
			isa = PBXGroup;
			children = (
				4F1BE1881B59655000E4BFB3 /* AppDelegate.swift */,
				4F1BE18A1B59655000E4BFB3 /* ViewController.swift */,
				4F1BE18C1B59655000E4BFB3 /* Main.storyboard */,
				4F1BE18F1B59655000E4BFB3 /* Images.xcassets */,
				4F1BE1911B59655000E4BFB3 /* LaunchScreen.xib */,
				4F1BE1861B59655000E4BFB3 /* Supporting Files */,
			);
			path = "DOHamburgerButton-DEMO";
			sourceTree = "<group>";
		};
		4F1BE1861B59655000E4BFB3 /* Supporting Files */ = {
			isa = PBXGroup;
			children = (
				4F1BE1871B59655000E4BFB3 /* Info.plist */,
			);
			name = "Supporting Files";
			sourceTree = "<group>";
		};
/* End PBXGroup section */

/* Begin PBXNativeTarget section */
		4F1BE1821B59655000E4BFB3 /* DOHamburgerButton-DEMO */ = {
			isa = PBXNativeTarget;
			buildConfigurationList = 4F1BE1A21B59655000E4BFB3 /* Build configuration list for PBXNativeTarget "DOHamburgerButton-DEMO" */;
			buildPhases = (
				4F1BE17F1B59655000E4BFB3 /* Sources */,
				4F1BE1801B59655000E4BFB3 /* Frameworks */,
				4F1BE1811B59655000E4BFB3 /* Resources */,
			);
			buildRules = (
			);
			dependencies = (
			);
			name = "DOHamburgerButton-DEMO";
			productName = "DOHamburgerButton-DEMO";
			productReference = 4F1BE1831B59655000E4BFB3 /* DOHamburgerButton-DEMO.app */;
			productType = "com.apple.product-type.application";
		};
/* End PBXNativeTarget section */

/* Begin PBXProject section */
		4F1BE17B1B59655000E4BFB3 /* Project object */ = {
			isa = PBXProject;
			attributes = {
				LastUpgradeCheck = 0640;
				ORGANIZATIONNAME = "Daiki Okumura";
				TargetAttributes = {
					4F1BE1821B59655000E4BFB3 = {
						CreatedOnToolsVersion = 6.4;
					};
				};
			};
			buildConfigurationList = 4F1BE17E1B59655000E4BFB3 /* Build configuration list for PBXProject "DOHamburgerButton-DEMO" */;
			compatibilityVersion = "Xcode 3.2";
			developmentRegion = English;
			hasScannedForEncodings = 0;
			knownRegions = (
				en,
				Base,
			);
			mainGroup = 4F1BE17A1B59655000E4BFB3;
			productRefGroup = 4F1BE1841B59655000E4BFB3 /* Products */;
			projectDirPath = "";
			projectRoot = "";
			targets = (
				4F1BE1821B59655000E4BFB3 /* DOHamburgerButton-DEMO */,
			);
		};
/* End PBXProject section */

/* Begin PBXResourcesBuildPhase section */
		4F1BE1811B59655000E4BFB3 /* Resources */ = {
			isa = PBXResourcesBuildPhase;
			buildActionMask = 2147483647;
			files = (
				4F1BE18E1B59655000E4BFB3 /* Main.storyboard in Resources */,
				4F1BE1931B59655000E4BFB3 /* LaunchScreen.xib in Resources */,
				4F1BE1901B59655000E4BFB3 /* Images.xcassets in Resources */,
			);
			runOnlyForDeploymentPostprocessing = 0;
		};
/* End PBXResourcesBuildPhase section */

/* Begin PBXSourcesBuildPhase section */
		4F1BE17F1B59655000E4BFB3 /* Sources */ = {
			isa = PBXSourcesBuildPhase;
			buildActionMask = 2147483647;
			files = (
				4F1BE18B1B59655000E4BFB3 /* ViewController.swift in Sources */,
				4F17F9BC1B5C2AF900BF4B47 /* DOHamburgerButton.swift in Sources */,
				4F1BE1891B59655000E4BFB3 /* AppDelegate.swift in Sources */,
			);
			runOnlyForDeploymentPostprocessing = 0;
		};
/* End PBXSourcesBuildPhase section */

/* Begin PBXVariantGroup section */
		4F1BE18C1B59655000E4BFB3 /* Main.storyboard */ = {
			isa = PBXVariantGroup;
			children = (
				4F1BE18D1B59655000E4BFB3 /* Base */,
			);
			name = Main.storyboard;
			sourceTree = "<group>";
		};
		4F1BE1911B59655000E4BFB3 /* LaunchScreen.xib */ = {
			isa = PBXVariantGroup;
			children = (
				4F1BE1921B59655000E4BFB3 /* Base */,
			);
			name = LaunchScreen.xib;
			sourceTree = "<group>";
		};
/* End PBXVariantGroup section */

/* Begin XCBuildConfiguration section */
		4F1BE1A01B59655000E4BFB3 /* Debug */ = {
			isa = XCBuildConfiguration;
			buildSettings = {
				ALWAYS_SEARCH_USER_PATHS = NO;
				CLANG_CXX_LANGUAGE_STANDARD = "gnu++0x";
				CLANG_CXX_LIBRARY = "libc++";
				CLANG_ENABLE_MODULES = YES;
				CLANG_ENABLE_OBJC_ARC = YES;
				CLANG_WARN_BOOL_CONVERSION = YES;
				CLANG_WARN_CONSTANT_CONVERSION = YES;
				CLANG_WARN_DIRECT_OBJC_ISA_USAGE = YES_ERROR;
				CLANG_WARN_EMPTY_BODY = YES;
				CLANG_WARN_ENUM_CONVERSION = YES;
				CLANG_WARN_INT_CONVERSION = YES;
				CLANG_WARN_OBJC_ROOT_CLASS = YES_ERROR;
				CLANG_WARN_UNREACHABLE_CODE = YES;
				CLANG_WARN__DUPLICATE_METHOD_MATCH = YES;
				"CODE_SIGN_IDENTITY[sdk=iphoneos*]" = "iPhone Developer";
				COPY_PHASE_STRIP = NO;
				DEBUG_INFORMATION_FORMAT = "dwarf-with-dsym";
				ENABLE_STRICT_OBJC_MSGSEND = YES;
				GCC_C_LANGUAGE_STANDARD = gnu99;
				GCC_DYNAMIC_NO_PIC = NO;
				GCC_NO_COMMON_BLOCKS = YES;
				GCC_OPTIMIZATION_LEVEL = 0;
				GCC_PREPROCESSOR_DEFINITIONS = (
					"DEBUG=1",
					"$(inherited)",
				);
				GCC_SYMBOLS_PRIVATE_EXTERN = NO;
				GCC_WARN_64_TO_32_BIT_CONVERSION = YES;
				GCC_WARN_ABOUT_RETURN_TYPE = YES_ERROR;
				GCC_WARN_UNDECLARED_SELECTOR = YES;
				GCC_WARN_UNINITIALIZED_AUTOS = YES_AGGRESSIVE;
				GCC_WARN_UNUSED_FUNCTION = YES;
				GCC_WARN_UNUSED_VARIABLE = YES;
				IPHONEOS_DEPLOYMENT_TARGET = 8.4;
				MTL_ENABLE_DEBUG_INFO = YES;
				ONLY_ACTIVE_ARCH = YES;
				SDKROOT = iphoneos;
				SWIFT_OPTIMIZATION_LEVEL = "-Onone";
				TARGETED_DEVICE_FAMILY = "1,2";
			};
			name = Debug;
		};
		4F1BE1A11B59655000E4BFB3 /* Release */ = {
			isa = XCBuildConfiguration;
			buildSettings = {
				ALWAYS_SEARCH_USER_PATHS = NO;
				CLANG_CXX_LANGUAGE_STANDARD = "gnu++0x";
				CLANG_CXX_LIBRARY = "libc++";
				CLANG_ENABLE_MODULES = YES;
				CLANG_ENABLE_OBJC_ARC = YES;
				CLANG_WARN_BOOL_CONVERSION = YES;
				CLANG_WARN_CONSTANT_CONVERSION = YES;
				CLANG_WARN_DIRECT_OBJC_ISA_USAGE = YES_ERROR;
				CLANG_WARN_EMPTY_BODY = YES;
				CLANG_WARN_ENUM_CONVERSION = YES;
				CLANG_WARN_INT_CONVERSION = YES;
				CLANG_WARN_OBJC_ROOT_CLASS = YES_ERROR;
				CLANG_WARN_UNREACHABLE_CODE = YES;
				CLANG_WARN__DUPLICATE_METHOD_MATCH = YES;
				"CODE_SIGN_IDENTITY[sdk=iphoneos*]" = "iPhone Developer";
				COPY_PHASE_STRIP = NO;
				DEBUG_INFORMATION_FORMAT = "dwarf-with-dsym";
				ENABLE_NS_ASSERTIONS = NO;
				ENABLE_STRICT_OBJC_MSGSEND = YES;
				GCC_C_LANGUAGE_STANDARD = gnu99;
				GCC_NO_COMMON_BLOCKS = YES;
				GCC_WARN_64_TO_32_BIT_CONVERSION = YES;
				GCC_WARN_ABOUT_RETURN_TYPE = YES_ERROR;
				GCC_WARN_UNDECLARED_SELECTOR = YES;
				GCC_WARN_UNINITIALIZED_AUTOS = YES_AGGRESSIVE;
				GCC_WARN_UNUSED_FUNCTION = YES;
				GCC_WARN_UNUSED_VARIABLE = YES;
				IPHONEOS_DEPLOYMENT_TARGET = 8.4;
				MTL_ENABLE_DEBUG_INFO = NO;
				SDKROOT = iphoneos;
				TARGETED_DEVICE_FAMILY = "1,2";
				VALIDATE_PRODUCT = YES;
			};
			name = Release;
		};
		4F1BE1A31B59655000E4BFB3 /* Debug */ = {
			isa = XCBuildConfiguration;
			buildSettings = {
				ASSETCATALOG_COMPILER_APPICON_NAME = AppIcon;
				INFOPLIST_FILE = "DOHamburgerButton-DEMO/Info.plist";
				IPHONEOS_DEPLOYMENT_TARGET = 8.4;
				LD_RUNPATH_SEARCH_PATHS = "$(inherited) @executable_path/Frameworks";
				PRODUCT_NAME = "$(TARGET_NAME)";
			};
			name = Debug;
		};
		4F1BE1A41B59655000E4BFB3 /* Release */ = {
			isa = XCBuildConfiguration;
			buildSettings = {
				ASSETCATALOG_COMPILER_APPICON_NAME = AppIcon;
				INFOPLIST_FILE = "DOHamburgerButton-DEMO/Info.plist";
				IPHONEOS_DEPLOYMENT_TARGET = 8.4;
				LD_RUNPATH_SEARCH_PATHS = "$(inherited) @executable_path/Frameworks";
				PRODUCT_NAME = "$(TARGET_NAME)";
			};
			name = Release;
		};
/* End XCBuildConfiguration section */

/* Begin XCConfigurationList section */
		4F1BE17E1B59655000E4BFB3 /* Build configuration list for PBXProject "DOHamburgerButton-DEMO" */ = {
			isa = XCConfigurationList;
			buildConfigurations = (
				4F1BE1A01B59655000E4BFB3 /* Debug */,
				4F1BE1A11B59655000E4BFB3 /* Release */,
			);
			defaultConfigurationIsVisible = 0;
			defaultConfigurationName = Release;
		};
		4F1BE1A21B59655000E4BFB3 /* Build configuration list for PBXNativeTarget "DOHamburgerButton-DEMO" */ = {
			isa = XCConfigurationList;
			buildConfigurations = (
				4F1BE1A31B59655000E4BFB3 /* Debug */,
				4F1BE1A41B59655000E4BFB3 /* Release */,
			);
			defaultConfigurationIsVisible = 0;
			defaultConfigurationName = Release;
		};
/* End XCConfigurationList section */
	};
	rootObject = 4F1BE17B1B59655000E4BFB3 /* Project object */;
}
